{
  "name": "dec1",
  "version": "1.0.0",
  "lockfileVersion": 2,
  "requires": true,
  "packages": {
    "": {
      "name": "dec1",
      "version": "1.0.0",
      "license": "ISC",
      "dependencies": {
        "fs": "^0.0.2"
      }
    },
    "node_modules/fs": {
      "version": "0.0.2",
      "resolved": "https://domoreexp.pkgs.visualstudio.com/_packaging/npm-mirror/npm/registry/fs/-/fs-0.0.2.tgz",
      "integrity": "sha1-4fJE7zkzwbKmS9R5kTYGDQ9ZFPg=",
      "license": "MIT"
    }
  },
  "dependencies": {
    "fs": {
      "version": "0.0.2",
      "resolved": "https://domoreexp.pkgs.visualstudio.com/_packaging/npm-mirror/npm/registry/fs/-/fs-0.0.2.tgz",
      "integrity": "sha1-4fJE7zkzwbKmS9R5kTYGDQ9ZFPg="
    }
  }
}
